
Microsoft Visual Studio Solution File, Format Version 12.00
# Visual Studio Version 17
VisualStudioVersion = 17.4.33213.308
MinimumVisualStudioVersion = 10.0.40219.1
Project("{FAE04EC0-301F-11D3-BF4B-00C04F79EFBC}") = "csv", "csv\csv.csproj", "{FB2F3DF5-6AED-4A8D-AB6C-676BEB9A040D}"
EndProject
Global
	GlobalSection(SolutionConfigurationPlatforms) = preSolution
		Debug|Any CPU = Debug|Any CPU
		Release|Any CPU = Release|Any CPU
	EndGlobalSection
	GlobalSection(ProjectConfigurationPlatforms) = postSolution
		{FB2F3DF5-6AED-4A8D-AB6C-676BEB9A040D}.Debug|Any CPU.ActiveCfg = Debug|Any CPU
		{FB2F3DF5-6AED-4A8D-AB6C-676BEB9A040D}.Debug|Any CPU.Build.0 = Debug|Any CPU
		{FB2F3DF5-6AED-4A8D-AB6C-676BEB9A040D}.Release|Any CPU.ActiveCfg = Release|Any CPU
		{FB2F3DF5-6AED-4A8D-AB6C-676BEB9A040D}.Release|Any CPU.Build.0 = Release|Any CPU
	EndGlobalSection
	GlobalSection(SolutionProperties) = preSolution
		HideSolutionNode = FALSE
	EndGlobalSection
	GlobalSection(ExtensibilityGlobals) = postSolution
		SolutionGuid = {3B61834A-C001-415B-8EAA-689D441FD66F}
	EndGlobalSection
EndGlobal
